
Microsoft Visual Studio Solution File, Format Version 12.00
# Visual Studio Version 16
VisualStudioVersion = 16.0.31129.286
MinimumVisualStudioVersion = 10.0.40219.1
Project("{FAE04EC0-301F-11D3-BF4B-00C04F79EFBC}") = "02-KararYapilari", "02-KararYapilari\02-KararYapilari.csproj", "{2FA02FA3-BD9C-4123-A779-02120CEA4C48}"
EndProject
Project("{FAE04EC0-301F-11D3-BF4B-00C04F79EFBC}") = "01-IntroductionExercise", "01-IntroductionExercise\01-IntroductionExercise.csproj", "{73994B6C-F9FF-4D30-8AA7-EFEFFDE514B9}"
EndProject
Project("{FAE04EC0-301F-11D3-BF4B-00C04F79EFBC}") = "03-Loops-Donguler", "03-Loops-Donguler\03-Loops-Donguler.csproj", "{3B0D42BA-9C15-4FC1-9F35-99B3C782B986}"
EndProject
Project("{FAE04EC0-301F-11D3-BF4B-00C04F79EFBC}") = "04-JumpingKeywords", "04-JumpingKeywords\04-JumpingKeywords.csproj", "{5315D8E0-7C45-47A7-B25E-EFE70661DDD1}"
EndProject
Project("{FAE04EC0-301F-11D3-BF4B-00C04F79EFBC}") = "05-ArrayAndLoops", "05-ArrayAndLoops\05-ArrayAndLoops.csproj", "{0C82EC30-8B27-4677-BCD8-1A934CBE1380}"
EndProject
Project("{FAE04EC0-301F-11D3-BF4B-00C04F79EFBC}") = "06-ArrayMethods", "06-ArrayMethods\06-ArrayMethods.csproj", "{5CE787EE-CB1E-4753-929E-CC6C8CD0E4CA}"
EndProject
Project("{FAE04EC0-301F-11D3-BF4B-00C04F79EFBC}") = "07-MethodIntro", "07-MethodIntro\07-MethodIntro.csproj", "{E684F2B9-8248-4D1E-91C9-6992A458CEE4}"
EndProject
Global
	GlobalSection(SolutionConfigurationPlatforms) = preSolution
		Debug|Any CPU = Debug|Any CPU
		Release|Any CPU = Release|Any CPU
	EndGlobalSection
	GlobalSection(ProjectConfigurationPlatforms) = postSolution
		{2FA02FA3-BD9C-4123-A779-02120CEA4C48}.Debug|Any CPU.ActiveCfg = Debug|Any CPU
		{2FA02FA3-BD9C-4123-A779-02120CEA4C48}.Debug|Any CPU.Build.0 = Debug|Any CPU
		{2FA02FA3-BD9C-4123-A779-02120CEA4C48}.Release|Any CPU.ActiveCfg = Release|Any CPU
		{2FA02FA3-BD9C-4123-A779-02120CEA4C48}.Release|Any CPU.Build.0 = Release|Any CPU
		{73994B6C-F9FF-4D30-8AA7-EFEFFDE514B9}.Debug|Any CPU.ActiveCfg = Debug|Any CPU
		{73994B6C-F9FF-4D30-8AA7-EFEFFDE514B9}.Debug|Any CPU.Build.0 = Debug|Any CPU
		{73994B6C-F9FF-4D30-8AA7-EFEFFDE514B9}.Release|Any CPU.ActiveCfg = Release|Any CPU
		{73994B6C-F9FF-4D30-8AA7-EFEFFDE514B9}.Release|Any CPU.Build.0 = Release|Any CPU
		{3B0D42BA-9C15-4FC1-9F35-99B3C782B986}.Debug|Any CPU.ActiveCfg = Debug|Any CPU
		{3B0D42BA-9C15-4FC1-9F35-99B3C782B986}.Debug|Any CPU.Build.0 = Debug|Any CPU
		{3B0D42BA-9C15-4FC1-9F35-99B3C782B986}.Release|Any CPU.ActiveCfg = Release|Any CPU
		{3B0D42BA-9C15-4FC1-9F35-99B3C782B986}.Release|Any CPU.Build.0 = Release|Any CPU
		{5315D8E0-7C45-47A7-B25E-EFE70661DDD1}.Debug|Any CPU.ActiveCfg = Debug|Any CPU
		{5315D8E0-7C45-47A7-B25E-EFE70661DDD1}.Debug|Any CPU.Build.0 = Debug|Any CPU
		{5315D8E0-7C45-47A7-B25E-EFE70661DDD1}.Release|Any CPU.ActiveCfg = Release|Any CPU
		{5315D8E0-7C45-47A7-B25E-EFE70661DDD1}.Release|Any CPU.Build.0 = Release|Any CPU
		{0C82EC30-8B27-4677-BCD8-1A934CBE1380}.Debug|Any CPU.ActiveCfg = Debug|Any CPU
		{0C82EC30-8B27-4677-BCD8-1A934CBE1380}.Debug|Any CPU.Build.0 = Debug|Any CPU
		{0C82EC30-8B27-4677-BCD8-1A934CBE1380}.Release|Any CPU.ActiveCfg = Release|Any CPU
		{0C82EC30-8B27-4677-BCD8-1A934CBE1380}.Release|Any CPU.Build.0 = Release|Any CPU
		{5CE787EE-CB1E-4753-929E-CC6C8CD0E4CA}.Debug|Any CPU.ActiveCfg = Debug|Any CPU
		{5CE787EE-CB1E-4753-929E-CC6C8CD0E4CA}.Debug|Any CPU.Build.0 = Debug|Any CPU
		{5CE787EE-CB1E-4753-929E-CC6C8CD0E4CA}.Release|Any CPU.ActiveCfg = Release|Any CPU
		{5CE787EE-CB1E-4753-929E-CC6C8CD0E4CA}.Release|Any CPU.Build.0 = Release|Any CPU
		{E684F2B9-8248-4D1E-91C9-6992A458CEE4}.Debug|Any CPU.ActiveCfg = Debug|Any CPU
		{E684F2B9-8248-4D1E-91C9-6992A458CEE4}.Debug|Any CPU.Build.0 = Debug|Any CPU
		{E684F2B9-8248-4D1E-91C9-6992A458CEE4}.Release|Any CPU.ActiveCfg = Release|Any CPU
		{E684F2B9-8248-4D1E-91C9-6992A458CEE4}.Release|Any CPU.Build.0 = Release|Any CPU
	EndGlobalSection
	GlobalSection(SolutionProperties) = preSolution
		HideSolutionNode = FALSE
	EndGlobalSection
	GlobalSection(ExtensibilityGlobals) = postSolution
		SolutionGuid = {2DAC9FA8-DB2A-45E3-996A-32AA1660E95B}
	EndGlobalSection
EndGlobal
